
Microsoft Visual Studio Solution File, Format Version 12.00
# Visual Studio Version 17
VisualStudioVersion = 17.13.36105.23 d17.13
MinimumVisualStudioVersion = 10.0.40219.1
Project("{FAE04EC0-301F-11D3-BF4B-00C04F79EFBC}") = "Jarvis", "Jarvis\Jarvis.csproj", "{BE2DDB4C-6CB1-42D7-888A-0E2C8E772C50}"
EndProject
Global
	GlobalSection(SolutionConfigurationPlatforms) = preSolution
		Debug|Any CPU = Debug|Any CPU
		Release|Any CPU = Release|Any CPU
	EndGlobalSection
	GlobalSection(ProjectConfigurationPlatforms) = postSolution
		{BE2DDB4C-6CB1-42D7-888A-0E2C8E772C50}.Debug|Any CPU.ActiveCfg = Debug|Any CPU
		{BE2DDB4C-6CB1-42D7-888A-0E2C8E772C50}.Debug|Any CPU.Build.0 = Debug|Any CPU
		{BE2DDB4C-6CB1-42D7-888A-0E2C8E772C50}.Release|Any CPU.ActiveCfg = Release|Any CPU
		{BE2DDB4C-6CB1-42D7-888A-0E2C8E772C50}.Release|Any CPU.Build.0 = Release|Any CPU
	EndGlobalSection
	GlobalSection(SolutionProperties) = preSolution
		HideSolutionNode = FALSE
	EndGlobalSection
	GlobalSection(ExtensibilityGlobals) = postSolution
		SolutionGuid = {996814C6-633E-4322-859D-CBCC92F79966}
	EndGlobalSection
EndGlobal
